{
  "object": {
    "pins": [
      {
        "package": "CGFloatLiteral",
        "repositoryURL": "https://github.com/devxoul/CGFloatLiteral",
        "state": {
          "branch": null,
          "revision": "05a4533a90291ac152c67caa5a81be50d733bae7",
          "version": "0.5.0"
        }
      },
      {
        "package": "CollectionViewCenteredFlowLayout",
        "repositoryURL": "https://github.com/Coeur/CollectionViewCenteredFlowLayout",
        "state": {
          "branch": null,
          "revision": "542502cf46f12ed41303eb3ed3a072815436209d",
          "version": "1.0.2"
        }
      },
      {
        "package": "Cosmos",
        "repositoryURL": "https://github.com/evgenyneu/Cosmos",
        "state": {
          "branch": null,
          "revision": "cce521e734d0090494bd4afab5fd2e2f2465c1af",
          "version": "23.0.0"
        }
      },
      {
        "package": "Kingfisher",
        "repositoryURL": "https://github.com/onevcat/Kingfisher",
        "state": {
          "branch": null,
          "revision": "0c02c46cfdc0656ce74fd0963a75e5000a0b7f23",
          "version": "7.1.2"
        }
      },
      {
        "package": "Lottie",
        "repositoryURL": "https://github.com/airbnb/lottie-ios",
        "state": {
          "branch": null,
          "revision": "4a6058cbbdfe4f74aeae92c8bd51ad3b0de2a1ee",
          "version": "3.3.0"
        }
      },
      {
        "package": "PryntTrimmerView",
        "repositoryURL": "https://github.com/HHK1/PryntTrimmerView",
        "state": {
          "branch": null,
          "revision": "ac1b60a22c7e6a6514de7a66d2f3d5b537c956d5",
          "version": "4.0.2"
        }
      },
      {
        "package": "SnapKit",
        "repositoryURL": "https://github.com/SnapKit/SnapKit",
        "state": {
          "branch": null,
          "revision": "d458564516e5676af9c70b4f4b2a9178294f1bc6",
          "version": "5.0.1"
        }
      },
      {
        "package": "Stevia",
        "repositoryURL": "https://github.com/freshOS/Stevia",
        "state": {
          "branch": null,
          "revision": "e1e8dc40deab3a863a35a7a0aab10f7304f4b42a",
          "version": "5.1.0"
        }
      },
      {
        "package": "SwiftKeychainWrapper",
        "repositoryURL": "https://github.com/jrendel/SwiftKeychainWrapper",
        "state": {
          "branch": null,
          "revision": "185a3165346a03767101c4f62e9a545a0fe0530f",
          "version": "4.0.1"
        }
      },
      {
        "package": "SwiftyColor",
        "repositoryURL": "https://github.com/devxoul/SwiftyColor",
        "state": {
          "branch": null,
          "revision": "4b169b77446ef1d9878b162a0a38258f7563ed5b",
          "version": "1.2.1"
        }
      },
      {
        "package": "Then",
        "repositoryURL": "https://github.com/devxoul/Then",
        "state": {
          "branch": null,
          "revision": "e421a7b3440a271834337694e6050133a3958bc7",
          "version": "2.7.0"
        }
      },
      {
        "package": "YPImagePicker",
        "repositoryURL": "https://github.com/Yummypets/YPImagePicker",
        "state": {
          "branch": "spm",
          "revision": "2285e8ab77c2237c7bda0c6531e4590bad4a028b",
          "version": null
        }
      }
    ]
  },
  "version": 1
}
