// !$*UTF8*$!
{
	archiveVersion = 1;
	classes = {
	};
	objectVersion = 52;
	objects = {

/* Begin PBXBuildFile section */
		411F7BF12A6685CEA7A9189F /* Pods_CA_PIN_IOS_CA_PIN_IOSUITests.framework in Frameworks */ = {isa = PBXBuildFile; fileRef = 7D30FA22FBCC69E92AAED0BE /* Pods_CA_PIN_IOS_CA_PIN_IOSUITests.framework */; };
		7B80170D951C27BD4B4456D6 /* Pods_CA_PIN_IOS.framework in Frameworks */ = {isa = PBXBuildFile; fileRef = 259477F0E447DE04609449E5 /* Pods_CA_PIN_IOS.framework */; };
		92413707269432F00016D18F /* TabbarCollectionViewCell.swift in Sources */ = {isa = PBXBuildFile; fileRef = 92413706269432F00016D18F /* TabbarCollectionViewCell.swift */; };
		924137092694330E0016D18F /* PageCollectionViewCell.swift in Sources */ = {isa = PBXBuildFile; fileRef = 924137082694330E0016D18F /* PageCollectionViewCell.swift */; };
		9241370F269457A80016D18F /* MyReviewTableViewCell.swift in Sources */ = {isa = PBXBuildFile; fileRef = 9241370E269457A80016D18F /* MyReviewTableViewCell.swift */; };
		92413711269457C50016D18F /* MyCategoryTableViewCell.swift in Sources */ = {isa = PBXBuildFile; fileRef = 92413710269457C50016D18F /* MyCategoryTableViewCell.swift */; };
		92413713269596660016D18F /* CategoryDetailViewController.swift in Sources */ = {isa = PBXBuildFile; fileRef = 92413712269596660016D18F /* CategoryDetailViewController.swift */; };
		92537073269893DF00E2E5EA /* MyCategoryCollectionViewCell.swift in Sources */ = {isa = PBXBuildFile; fileRef = 92537072269893DF00E2E5EA /* MyCategoryCollectionViewCell.swift */; };
		92537075269893EB00E2E5EA /* MyReviewCollectionViewCell.swift in Sources */ = {isa = PBXBuildFile; fileRef = 92537074269893EB00E2E5EA /* MyReviewCollectionViewCell.swift */; };
		9292FFC82696352600BCD791 /* CategoryCafeListTableViewCell.swift in Sources */ = {isa = PBXBuildFile; fileRef = 9292FFC72696352600BCD791 /* CategoryCafeListTableViewCell.swift */; };
		9292FFCA26964AFA00BCD791 /* TagCollectionViewCell.swift in Sources */ = {isa = PBXBuildFile; fileRef = 9292FFC926964AFA00BCD791 /* TagCollectionViewCell.swift */; };
		9292FFCD26964DF400BCD791 /* EmptyCategoryTableViewCell.swift in Sources */ = {isa = PBXBuildFile; fileRef = 9292FFCC26964DF400BCD791 /* EmptyCategoryTableViewCell.swift */; };
		929AD4DC268EEB150071C394 /* SignUpViewController.swift in Sources */ = {isa = PBXBuildFile; fileRef = 929AD4DB268EEB150071C394 /* SignUpViewController.swift */; };
		CC05E029268B865400269427 /* UIFont+.swift in Sources */ = {isa = PBXBuildFile; fileRef = CC05E027268B865400269427 /* UIFont+.swift */; };
		CC05E02A268B865400269427 /* UIButton+.swift in Sources */ = {isa = PBXBuildFile; fileRef = CC05E028268B865400269427 /* UIButton+.swift */; };
		CC05E02E268B9D5400269427 /* MapViewController.swift in Sources */ = {isa = PBXBuildFile; fileRef = CC05E02D268B9D5400269427 /* MapViewController.swift */; };
		CC05E030268C4EBF00269427 /* TabbarViewController.swift in Sources */ = {isa = PBXBuildFile; fileRef = CC05E02F268C4EBF00269427 /* TabbarViewController.swift */; };
		CC05E034268C4F9300269427 /* MypageViewController.swift in Sources */ = {isa = PBXBuildFile; fileRef = CC05E033268C4F9300269427 /* MypageViewController.swift */; };
		CC05E038268C595F00269427 /* CafeTIViewController.swift in Sources */ = {isa = PBXBuildFile; fileRef = CC05E037268C595F00269427 /* CafeTIViewController.swift */; };
		CC05E040268D735A00269427 /* NotoSansKR-Regular.otf in Resources */ = {isa = PBXBuildFile; fileRef = CC05E03A268D735A00269427 /* NotoSansKR-Regular.otf */; };
		CC05E041268D735A00269427 /* NotoSansKR-Bold.otf in Resources */ = {isa = PBXBuildFile; fileRef = CC05E03B268D735A00269427 /* NotoSansKR-Bold.otf */; };
		CC05E042268D735A00269427 /* NotoSansKR-Black.otf in Resources */ = {isa = PBXBuildFile; fileRef = CC05E03C268D735A00269427 /* NotoSansKR-Black.otf */; };
		CC05E043268D735A00269427 /* NotoSansKR-Light.otf in Resources */ = {isa = PBXBuildFile; fileRef = CC05E03D268D735A00269427 /* NotoSansKR-Light.otf */; };
		CC05E044268D735A00269427 /* NotoSansKR-Medium.otf in Resources */ = {isa = PBXBuildFile; fileRef = CC05E03E268D735A00269427 /* NotoSansKR-Medium.otf */; };
		CC05E045268D735A00269427 /* NotoSansKR-Thin.otf in Resources */ = {isa = PBXBuildFile; fileRef = CC05E03F268D735A00269427 /* NotoSansKR-Thin.otf */; };
		CC45A17A2694280800E68817 /* TermsViewController.swift in Sources */ = {isa = PBXBuildFile; fileRef = CC45A1792694280800E68817 /* TermsViewController.swift */; };
		CC45A17C26942BEA00E68817 /* TermsGeneralTableViewCell.swift in Sources */ = {isa = PBXBuildFile; fileRef = CC45A17B26942BEA00E68817 /* TermsGeneralTableViewCell.swift */; };
		CC45A17E26942BF400E68817 /* TermsVersionTableViewCell.swift in Sources */ = {isa = PBXBuildFile; fileRef = CC45A17D26942BF400E68817 /* TermsVersionTableViewCell.swift */; };
		CC45A183269478DA00E68817 /* TagViewController.swift in Sources */ = {isa = PBXBuildFile; fileRef = CC45A182269478DA00E68817 /* TagViewController.swift */; };
		CC45A1852694D14C00E68817 /* TagTableViewCell.swift in Sources */ = {isa = PBXBuildFile; fileRef = CC45A1842694D14C00E68817 /* TagTableViewCell.swift */; };
		CC45A1872694EFFF00E68817 /* ExitViewController.swift in Sources */ = {isa = PBXBuildFile; fileRef = CC45A1862694EFFF00E68817 /* ExitViewController.swift */; };
		CCA85AF52688ED6F00C9A32C /* AppDelegate.swift in Sources */ = {isa = PBXBuildFile; fileRef = CCA85AF42688ED6F00C9A32C /* AppDelegate.swift */; };
		CCA85AF72688ED6F00C9A32C /* SceneDelegate.swift in Sources */ = {isa = PBXBuildFile; fileRef = CCA85AF62688ED6F00C9A32C /* SceneDelegate.swift */; };
		CCA85AF92688ED6F00C9A32C /* ViewController.swift in Sources */ = {isa = PBXBuildFile; fileRef = CCA85AF82688ED6F00C9A32C /* ViewController.swift */; };
		CCA85AFC2688ED6F00C9A32C /* Main.storyboard in Resources */ = {isa = PBXBuildFile; fileRef = CCA85AFA2688ED6F00C9A32C /* Main.storyboard */; };
		CCA85AFE2688ED7200C9A32C /* Assets.xcassets in Resources */ = {isa = PBXBuildFile; fileRef = CCA85AFD2688ED7200C9A32C /* Assets.xcassets */; };
		CCA85B012688ED7200C9A32C /* LaunchScreen.storyboard in Resources */ = {isa = PBXBuildFile; fileRef = CCA85AFF2688ED7200C9A32C /* LaunchScreen.storyboard */; };
		CCA85B0C2688ED7300C9A32C /* CA_PIN_IOSTests.swift in Sources */ = {isa = PBXBuildFile; fileRef = CCA85B0B2688ED7300C9A32C /* CA_PIN_IOSTests.swift */; };
		CCA85B172688ED7300C9A32C /* CA_PIN_IOSUITests.swift in Sources */ = {isa = PBXBuildFile; fileRef = CCA85B162688ED7300C9A32C /* CA_PIN_IOSUITests.swift */; };
		CCA85B2A2688F14600C9A32C /* KeyChainStorage.swift in Sources */ = {isa = PBXBuildFile; fileRef = CCA85B292688F14600C9A32C /* KeyChainStorage.swift */; };
		CCA85B2C2688F15300C9A32C /* StoryboardStorage.swift in Sources */ = {isa = PBXBuildFile; fileRef = CCA85B2B2688F15300C9A32C /* StoryboardStorage.swift */; };
		CCA85B4A2688F1E700C9A32C /* CALayer+.swift in Sources */ = {isa = PBXBuildFile; fileRef = CCA85B492688F1E700C9A32C /* CALayer+.swift */; };
		CCA85B562688F29700C9A32C /* UIImageView+.swift in Sources */ = {isa = PBXBuildFile; fileRef = CCA85B4B2688F29600C9A32C /* UIImageView+.swift */; };
		CCA85B572688F29700C9A32C /* UITableView+.swift in Sources */ = {isa = PBXBuildFile; fileRef = CCA85B4C2688F29600C9A32C /* UITableView+.swift */; };
		CCA85B582688F29700C9A32C /* UITableViewCell+.swift in Sources */ = {isa = PBXBuildFile; fileRef = CCA85B4D2688F29600C9A32C /* UITableViewCell+.swift */; };
		CCA85B592688F29700C9A32C /* UIView+.swift in Sources */ = {isa = PBXBuildFile; fileRef = CCA85B4E2688F29600C9A32C /* UIView+.swift */; };
		CCA85B5A2688F29700C9A32C /* UICollectionViewCell+.swift in Sources */ = {isa = PBXBuildFile; fileRef = CCA85B4F2688F29600C9A32C /* UICollectionViewCell+.swift */; };
		CCA85B5B2688F29700C9A32C /* UIViewController+.swift in Sources */ = {isa = PBXBuildFile; fileRef = CCA85B502688F29600C9A32C /* UIViewController+.swift */; };
		CCA85B5C2688F29700C9A32C /* UIDatePicker+.swift in Sources */ = {isa = PBXBuildFile; fileRef = CCA85B512688F29600C9A32C /* UIDatePicker+.swift */; };
		CCA85B5D2688F29700C9A32C /* UIImage+.swift in Sources */ = {isa = PBXBuildFile; fileRef = CCA85B522688F29600C9A32C /* UIImage+.swift */; };
		CCA85B5E2688F29700C9A32C /* UIColor+.swift in Sources */ = {isa = PBXBuildFile; fileRef = CCA85B532688F29600C9A32C /* UIColor+.swift */; };
		CCA85B5F2688F29700C9A32C /* UICollectionReusableView+.swift in Sources */ = {isa = PBXBuildFile; fileRef = CCA85B542688F29600C9A32C /* UICollectionReusableView+.swift */; };
		CCA85B602688F29700C9A32C /* UICollectionView+.swift in Sources */ = {isa = PBXBuildFile; fileRef = CCA85B552688F29600C9A32C /* UICollectionView+.swift */; };
		CCA85B622688F2F800C9A32C /* ReusableView.swift in Sources */ = {isa = PBXBuildFile; fileRef = CCA85B612688F2F800C9A32C /* ReusableView.swift */; };
		CCB6C663268DC88E00941E92 /* HamburgerViewController.swift in Sources */ = {isa = PBXBuildFile; fileRef = CCB6C662268DC88E00941E92 /* HamburgerViewController.swift */; };
		CCB6C665268F044400941E92 /* PinPopupViewController.swift in Sources */ = {isa = PBXBuildFile; fileRef = CCB6C664268F044300941E92 /* PinPopupViewController.swift */; };
		CCB6C668268F083A00941E92 /* PinPopupTableViewCell.swift in Sources */ = {isa = PBXBuildFile; fileRef = CCB6C667268F083A00941E92 /* PinPopupTableViewCell.swift */; };
		CCB6C66C268F41E800941E92 /* CreateCategoryViewController.swift in Sources */ = {isa = PBXBuildFile; fileRef = CCB6C66B268F41E800941E92 /* CreateCategoryViewController.swift */; };
		CCB6C66E268F498B00941E92 /* CategoryCollectionViewCell.swift in Sources */ = {isa = PBXBuildFile; fileRef = CCB6C66D268F498B00941E92 /* CategoryCollectionViewCell.swift */; };
		CCF78427268B0774005FDF1D /* Then in Frameworks */ = {isa = PBXBuildFile; productRef = CCF78426268B0774005FDF1D /* Then */; };
		CCF7842A268B0781005FDF1D /* SnapKit in Frameworks */ = {isa = PBXBuildFile; productRef = CCF78429268B0781005FDF1D /* SnapKit */; };
		CCF7842D268B0797005FDF1D /* CGFloatLiteral in Frameworks */ = {isa = PBXBuildFile; productRef = CCF7842C268B0797005FDF1D /* CGFloatLiteral */; };
		CCF78430268B07C0005FDF1D /* Kingfisher in Frameworks */ = {isa = PBXBuildFile; productRef = CCF7842F268B07C0005FDF1D /* Kingfisher */; };
		CCF78433268B07DC005FDF1D /* Lottie in Frameworks */ = {isa = PBXBuildFile; productRef = CCF78432268B07DC005FDF1D /* Lottie */; };
		CCF78436268B082A005FDF1D /* Moya in Frameworks */ = {isa = PBXBuildFile; productRef = CCF78435268B082A005FDF1D /* Moya */; };
		CCF78438268B082A005FDF1D /* RxMoya in Frameworks */ = {isa = PBXBuildFile; productRef = CCF78437268B082A005FDF1D /* RxMoya */; };
		CCF7843A268B082A005FDF1D /* ReactiveMoya in Frameworks */ = {isa = PBXBuildFile; productRef = CCF78439268B082A005FDF1D /* ReactiveMoya */; };
		CCF7843D268B08C2005FDF1D /* SwiftKeychainWrapper in Frameworks */ = {isa = PBXBuildFile; productRef = CCF7843C268B08C2005FDF1D /* SwiftKeychainWrapper */; };
		CCF78440268B08E4005FDF1D /* SwiftyColor in Frameworks */ = {isa = PBXBuildFile; productRef = CCF7843F268B08E4005FDF1D /* SwiftyColor */; };
		CCF78446268B197A005FDF1D /* UITextField+.swift in Sources */ = {isa = PBXBuildFile; fileRef = CCF78442268B197A005FDF1D /* UITextField+.swift */; };
		CCF78448268B197A005FDF1D /* UILabel+.swift in Sources */ = {isa = PBXBuildFile; fileRef = CCF78444268B197A005FDF1D /* UILabel+.swift */; };
		CCF7844A268B71CD005FDF1D /* LoginViewController.swift in Sources */ = {isa = PBXBuildFile; fileRef = CCF78449268B71CD005FDF1D /* LoginViewController.swift */; };
		DEAF5909BEA6DABAD94C99B1 /* Pods_CA_PIN_IOSTests.framework in Frameworks */ = {isa = PBXBuildFile; fileRef = 1D2EB73A4D1A93ECC7CCACCE /* Pods_CA_PIN_IOSTests.framework */; };
		E81F0ED4268DC2340042B825 /* CafeTITest1ViewController.swift in Sources */ = {isa = PBXBuildFile; fileRef = E81F0ED3268DC2340042B825 /* CafeTITest1ViewController.swift */; };
		E81F0EDC268E2CD30042B825 /* CAFETIQuestionDataModel.swift in Sources */ = {isa = PBXBuildFile; fileRef = E81F0EDB268E2CD30042B825 /* CAFETIQuestionDataModel.swift */; };
		E81F0EE2269203520042B825 /* QuestionTableViewCell.swift in Sources */ = {isa = PBXBuildFile; fileRef = E81F0EE1269203520042B825 /* QuestionTableViewCell.swift */; };
/* End PBXBuildFile section */

/* Begin PBXContainerItemProxy section */
		CCA85B082688ED7300C9A32C /* PBXContainerItemProxy */ = {
			isa = PBXContainerItemProxy;
			containerPortal = CCA85AE92688ED6E00C9A32C /* Project object */;
			proxyType = 1;
			remoteGlobalIDString = CCA85AF02688ED6E00C9A32C;
			remoteInfo = "CA-PIN_IOS";
		};
		CCA85B132688ED7300C9A32C /* PBXContainerItemProxy */ = {
			isa = PBXContainerItemProxy;
			containerPortal = CCA85AE92688ED6E00C9A32C /* Project object */;
			proxyType = 1;
			remoteGlobalIDString = CCA85AF02688ED6E00C9A32C;
			remoteInfo = "CA-PIN_IOS";
		};
/* End PBXContainerItemProxy section */

/* Begin PBXFileReference section */
		04B365EF4941E9A12EE64EA9 /* Pods-CA-PIN_IOSTests.debug.xcconfig */ = {isa = PBXFileReference; includeInIndex = 1; lastKnownFileType = text.xcconfig; name = "Pods-CA-PIN_IOSTests.debug.xcconfig"; path = "Target Support Files/Pods-CA-PIN_IOSTests/Pods-CA-PIN_IOSTests.debug.xcconfig"; sourceTree = "<group>"; };
		1D2EB73A4D1A93ECC7CCACCE /* Pods_CA_PIN_IOSTests.framework */ = {isa = PBXFileReference; explicitFileType = wrapper.framework; includeInIndex = 0; path = Pods_CA_PIN_IOSTests.framework; sourceTree = BUILT_PRODUCTS_DIR; };
		259477F0E447DE04609449E5 /* Pods_CA_PIN_IOS.framework */ = {isa = PBXFileReference; explicitFileType = wrapper.framework; includeInIndex = 0; path = Pods_CA_PIN_IOS.framework; sourceTree = BUILT_PRODUCTS_DIR; };
		4C54DEA8F4DE6F401F16C8D9 /* Pods-CA-PIN_IOS-CA-PIN_IOSUITests.debug.xcconfig */ = {isa = PBXFileReference; includeInIndex = 1; lastKnownFileType = text.xcconfig; name = "Pods-CA-PIN_IOS-CA-PIN_IOSUITests.debug.xcconfig"; path = "Target Support Files/Pods-CA-PIN_IOS-CA-PIN_IOSUITests/Pods-CA-PIN_IOS-CA-PIN_IOSUITests.debug.xcconfig"; sourceTree = "<group>"; };
		6487D4BF3EFFAB9B4F67E2B1 /* Pods-CA-PIN_IOS-CA-PIN_IOSUITests.release.xcconfig */ = {isa = PBXFileReference; includeInIndex = 1; lastKnownFileType = text.xcconfig; name = "Pods-CA-PIN_IOS-CA-PIN_IOSUITests.release.xcconfig"; path = "Target Support Files/Pods-CA-PIN_IOS-CA-PIN_IOSUITests/Pods-CA-PIN_IOS-CA-PIN_IOSUITests.release.xcconfig"; sourceTree = "<group>"; };
		7D30FA22FBCC69E92AAED0BE /* Pods_CA_PIN_IOS_CA_PIN_IOSUITests.framework */ = {isa = PBXFileReference; explicitFileType = wrapper.framework; includeInIndex = 0; path = Pods_CA_PIN_IOS_CA_PIN_IOSUITests.framework; sourceTree = BUILT_PRODUCTS_DIR; };
		92413706269432F00016D18F /* TabbarCollectionViewCell.swift */ = {isa = PBXFileReference; lastKnownFileType = sourcecode.swift; path = TabbarCollectionViewCell.swift; sourceTree = "<group>"; };
		924137082694330E0016D18F /* PageCollectionViewCell.swift */ = {isa = PBXFileReference; lastKnownFileType = sourcecode.swift; path = PageCollectionViewCell.swift; sourceTree = "<group>"; };
		9241370E269457A80016D18F /* MyReviewTableViewCell.swift */ = {isa = PBXFileReference; lastKnownFileType = sourcecode.swift; path = MyReviewTableViewCell.swift; sourceTree = "<group>"; };
		92413710269457C50016D18F /* MyCategoryTableViewCell.swift */ = {isa = PBXFileReference; lastKnownFileType = sourcecode.swift; path = MyCategoryTableViewCell.swift; sourceTree = "<group>"; };
		92413712269596660016D18F /* CategoryDetailViewController.swift */ = {isa = PBXFileReference; lastKnownFileType = sourcecode.swift; path = CategoryDetailViewController.swift; sourceTree = "<group>"; };
		92537072269893DF00E2E5EA /* MyCategoryCollectionViewCell.swift */ = {isa = PBXFileReference; lastKnownFileType = sourcecode.swift; path = MyCategoryCollectionViewCell.swift; sourceTree = "<group>"; };
		92537074269893EB00E2E5EA /* MyReviewCollectionViewCell.swift */ = {isa = PBXFileReference; lastKnownFileType = sourcecode.swift; path = MyReviewCollectionViewCell.swift; sourceTree = "<group>"; };
		9292FFC72696352600BCD791 /* CategoryCafeListTableViewCell.swift */ = {isa = PBXFileReference; lastKnownFileType = sourcecode.swift; path = CategoryCafeListTableViewCell.swift; sourceTree = "<group>"; };
		9292FFC926964AFA00BCD791 /* TagCollectionViewCell.swift */ = {isa = PBXFileReference; lastKnownFileType = sourcecode.swift; path = TagCollectionViewCell.swift; sourceTree = "<group>"; };
		9292FFCC26964DF400BCD791 /* EmptyCategoryTableViewCell.swift */ = {isa = PBXFileReference; lastKnownFileType = sourcecode.swift; path = EmptyCategoryTableViewCell.swift; sourceTree = "<group>"; };
		929AD4DB268EEB150071C394 /* SignUpViewController.swift */ = {isa = PBXFileReference; lastKnownFileType = sourcecode.swift; path = SignUpViewController.swift; sourceTree = "<group>"; };
		B350E96FA945D43E4A64DD28 /* Pods-CA-PIN_IOS.debug.xcconfig */ = {isa = PBXFileReference; includeInIndex = 1; lastKnownFileType = text.xcconfig; name = "Pods-CA-PIN_IOS.debug.xcconfig"; path = "Target Support Files/Pods-CA-PIN_IOS/Pods-CA-PIN_IOS.debug.xcconfig"; sourceTree = "<group>"; };
		CC05E027268B865400269427 /* UIFont+.swift */ = {isa = PBXFileReference; fileEncoding = 4; lastKnownFileType = sourcecode.swift; path = "UIFont+.swift"; sourceTree = "<group>"; };
		CC05E028268B865400269427 /* UIButton+.swift */ = {isa = PBXFileReference; fileEncoding = 4; lastKnownFileType = sourcecode.swift; path = "UIButton+.swift"; sourceTree = "<group>"; };
		CC05E02D268B9D5400269427 /* MapViewController.swift */ = {isa = PBXFileReference; lastKnownFileType = sourcecode.swift; path = MapViewController.swift; sourceTree = "<group>"; };
		CC05E02F268C4EBF00269427 /* TabbarViewController.swift */ = {isa = PBXFileReference; lastKnownFileType = sourcecode.swift; path = TabbarViewController.swift; sourceTree = "<group>"; };
		CC05E033268C4F9300269427 /* MypageViewController.swift */ = {isa = PBXFileReference; lastKnownFileType = sourcecode.swift; path = MypageViewController.swift; sourceTree = "<group>"; };
		CC05E037268C595F00269427 /* CafeTIViewController.swift */ = {isa = PBXFileReference; lastKnownFileType = sourcecode.swift; path = CafeTIViewController.swift; sourceTree = "<group>"; };
		CC05E03A268D735A00269427 /* NotoSansKR-Regular.otf */ = {isa = PBXFileReference; lastKnownFileType = file; path = "NotoSansKR-Regular.otf"; sourceTree = "<group>"; };
		CC05E03B268D735A00269427 /* NotoSansKR-Bold.otf */ = {isa = PBXFileReference; lastKnownFileType = file; path = "NotoSansKR-Bold.otf"; sourceTree = "<group>"; };
		CC05E03C268D735A00269427 /* NotoSansKR-Black.otf */ = {isa = PBXFileReference; lastKnownFileType = file; path = "NotoSansKR-Black.otf"; sourceTree = "<group>"; };
		CC05E03D268D735A00269427 /* NotoSansKR-Light.otf */ = {isa = PBXFileReference; lastKnownFileType = file; path = "NotoSansKR-Light.otf"; sourceTree = "<group>"; };
		CC05E03E268D735A00269427 /* NotoSansKR-Medium.otf */ = {isa = PBXFileReference; lastKnownFileType = file; path = "NotoSansKR-Medium.otf"; sourceTree = "<group>"; };
		CC05E03F268D735A00269427 /* NotoSansKR-Thin.otf */ = {isa = PBXFileReference; lastKnownFileType = file; path = "NotoSansKR-Thin.otf"; sourceTree = "<group>"; };
		CC45A1792694280800E68817 /* TermsViewController.swift */ = {isa = PBXFileReference; lastKnownFileType = sourcecode.swift; path = TermsViewController.swift; sourceTree = "<group>"; };
		CC45A17B26942BEA00E68817 /* TermsGeneralTableViewCell.swift */ = {isa = PBXFileReference; lastKnownFileType = sourcecode.swift; path = TermsGeneralTableViewCell.swift; sourceTree = "<group>"; };
		CC45A17D26942BF400E68817 /* TermsVersionTableViewCell.swift */ = {isa = PBXFileReference; lastKnownFileType = sourcecode.swift; path = TermsVersionTableViewCell.swift; sourceTree = "<group>"; };
		CC45A182269478DA00E68817 /* TagViewController.swift */ = {isa = PBXFileReference; lastKnownFileType = sourcecode.swift; path = TagViewController.swift; sourceTree = "<group>"; };
		CC45A1842694D14C00E68817 /* TagTableViewCell.swift */ = {isa = PBXFileReference; lastKnownFileType = sourcecode.swift; path = TagTableViewCell.swift; sourceTree = "<group>"; };
		CC45A1862694EFFF00E68817 /* ExitViewController.swift */ = {isa = PBXFileReference; lastKnownFileType = sourcecode.swift; path = ExitViewController.swift; sourceTree = "<group>"; };
		CCA85AF12688ED6F00C9A32C /* CA-PIN_IOS.app */ = {isa = PBXFileReference; explicitFileType = wrapper.application; includeInIndex = 0; path = "CA-PIN_IOS.app"; sourceTree = BUILT_PRODUCTS_DIR; };
		CCA85AF42688ED6F00C9A32C /* AppDelegate.swift */ = {isa = PBXFileReference; lastKnownFileType = sourcecode.swift; path = AppDelegate.swift; sourceTree = "<group>"; };
		CCA85AF62688ED6F00C9A32C /* SceneDelegate.swift */ = {isa = PBXFileReference; lastKnownFileType = sourcecode.swift; path = SceneDelegate.swift; sourceTree = "<group>"; };
		CCA85AF82688ED6F00C9A32C /* ViewController.swift */ = {isa = PBXFileReference; lastKnownFileType = sourcecode.swift; path = ViewController.swift; sourceTree = "<group>"; };
		CCA85AFB2688ED6F00C9A32C /* Base */ = {isa = PBXFileReference; lastKnownFileType = file.storyboard; name = Base; path = Base.lproj/Main.storyboard; sourceTree = "<group>"; };
		CCA85AFD2688ED7200C9A32C /* Assets.xcassets */ = {isa = PBXFileReference; lastKnownFileType = folder.assetcatalog; path = Assets.xcassets; sourceTree = "<group>"; };
		CCA85B002688ED7200C9A32C /* Base */ = {isa = PBXFileReference; lastKnownFileType = file.storyboard; name = Base; path = Base.lproj/LaunchScreen.storyboard; sourceTree = "<group>"; };
		CCA85B022688ED7200C9A32C /* Info.plist */ = {isa = PBXFileReference; lastKnownFileType = text.plist.xml; path = Info.plist; sourceTree = "<group>"; };
		CCA85B072688ED7300C9A32C /* CA-PIN_IOSTests.xctest */ = {isa = PBXFileReference; explicitFileType = wrapper.cfbundle; includeInIndex = 0; path = "CA-PIN_IOSTests.xctest"; sourceTree = BUILT_PRODUCTS_DIR; };
		CCA85B0B2688ED7300C9A32C /* CA_PIN_IOSTests.swift */ = {isa = PBXFileReference; lastKnownFileType = sourcecode.swift; path = CA_PIN_IOSTests.swift; sourceTree = "<group>"; };
		CCA85B0D2688ED7300C9A32C /* Info.plist */ = {isa = PBXFileReference; lastKnownFileType = text.plist.xml; path = Info.plist; sourceTree = "<group>"; };
		CCA85B122688ED7300C9A32C /* CA-PIN_IOSUITests.xctest */ = {isa = PBXFileReference; explicitFileType = wrapper.cfbundle; includeInIndex = 0; path = "CA-PIN_IOSUITests.xctest"; sourceTree = BUILT_PRODUCTS_DIR; };
		CCA85B162688ED7300C9A32C /* CA_PIN_IOSUITests.swift */ = {isa = PBXFileReference; lastKnownFileType = sourcecode.swift; path = CA_PIN_IOSUITests.swift; sourceTree = "<group>"; };
		CCA85B182688ED7300C9A32C /* Info.plist */ = {isa = PBXFileReference; lastKnownFileType = text.plist.xml; path = Info.plist; sourceTree = "<group>"; };
		CCA85B292688F14600C9A32C /* KeyChainStorage.swift */ = {isa = PBXFileReference; lastKnownFileType = sourcecode.swift; path = KeyChainStorage.swift; sourceTree = "<group>"; };
		CCA85B2B2688F15300C9A32C /* StoryboardStorage.swift */ = {isa = PBXFileReference; lastKnownFileType = sourcecode.swift; path = StoryboardStorage.swift; sourceTree = "<group>"; };
		CCA85B492688F1E700C9A32C /* CALayer+.swift */ = {isa = PBXFileReference; lastKnownFileType = sourcecode.swift; path = "CALayer+.swift"; sourceTree = "<group>"; };
		CCA85B4B2688F29600C9A32C /* UIImageView+.swift */ = {isa = PBXFileReference; fileEncoding = 4; lastKnownFileType = sourcecode.swift; path = "UIImageView+.swift"; sourceTree = "<group>"; };
		CCA85B4C2688F29600C9A32C /* UITableView+.swift */ = {isa = PBXFileReference; fileEncoding = 4; lastKnownFileType = sourcecode.swift; path = "UITableView+.swift"; sourceTree = "<group>"; };
		CCA85B4D2688F29600C9A32C /* UITableViewCell+.swift */ = {isa = PBXFileReference; fileEncoding = 4; lastKnownFileType = sourcecode.swift; path = "UITableViewCell+.swift"; sourceTree = "<group>"; };
		CCA85B4E2688F29600C9A32C /* UIView+.swift */ = {isa = PBXFileReference; fileEncoding = 4; lastKnownFileType = sourcecode.swift; path = "UIView+.swift"; sourceTree = "<group>"; };
		CCA85B4F2688F29600C9A32C /* UICollectionViewCell+.swift */ = {isa = PBXFileReference; fileEncoding = 4; lastKnownFileType = sourcecode.swift; path = "UICollectionViewCell+.swift"; sourceTree = "<group>"; };
		CCA85B502688F29600C9A32C /* UIViewController+.swift */ = {isa = PBXFileReference; fileEncoding = 4; lastKnownFileType = sourcecode.swift; path = "UIViewController+.swift"; sourceTree = "<group>"; };
		CCA85B512688F29600C9A32C /* UIDatePicker+.swift */ = {isa = PBXFileReference; fileEncoding = 4; lastKnownFileType = sourcecode.swift; path = "UIDatePicker+.swift"; sourceTree = "<group>"; };
		CCA85B522688F29600C9A32C /* UIImage+.swift */ = {isa = PBXFileReference; fileEncoding = 4; lastKnownFileType = sourcecode.swift; path = "UIImage+.swift"; sourceTree = "<group>"; };
		CCA85B532688F29600C9A32C /* UIColor+.swift */ = {isa = PBXFileReference; fileEncoding = 4; lastKnownFileType = sourcecode.swift; path = "UIColor+.swift"; sourceTree = "<group>"; };
		CCA85B542688F29600C9A32C /* UICollectionReusableView+.swift */ = {isa = PBXFileReference; fileEncoding = 4; lastKnownFileType = sourcecode.swift; path = "UICollectionReusableView+.swift"; sourceTree = "<group>"; };
		CCA85B552688F29600C9A32C /* UICollectionView+.swift */ = {isa = PBXFileReference; fileEncoding = 4; lastKnownFileType = sourcecode.swift; path = "UICollectionView+.swift"; sourceTree = "<group>"; };
		CCA85B612688F2F800C9A32C /* ReusableView.swift */ = {isa = PBXFileReference; lastKnownFileType = sourcecode.swift; path = ReusableView.swift; sourceTree = "<group>"; };
		CCB6C662268DC88E00941E92 /* HamburgerViewController.swift */ = {isa = PBXFileReference; lastKnownFileType = sourcecode.swift; path = HamburgerViewController.swift; sourceTree = "<group>"; };
		CCB6C664268F044300941E92 /* PinPopupViewController.swift */ = {isa = PBXFileReference; lastKnownFileType = sourcecode.swift; path = PinPopupViewController.swift; sourceTree = "<group>"; };
		CCB6C667268F083A00941E92 /* PinPopupTableViewCell.swift */ = {isa = PBXFileReference; lastKnownFileType = sourcecode.swift; path = PinPopupTableViewCell.swift; sourceTree = "<group>"; };
		CCB6C66B268F41E800941E92 /* CreateCategoryViewController.swift */ = {isa = PBXFileReference; lastKnownFileType = sourcecode.swift; path = CreateCategoryViewController.swift; sourceTree = "<group>"; };
		CCB6C66D268F498B00941E92 /* CategoryCollectionViewCell.swift */ = {isa = PBXFileReference; lastKnownFileType = sourcecode.swift; path = CategoryCollectionViewCell.swift; sourceTree = "<group>"; };
		CCF78442268B197A005FDF1D /* UITextField+.swift */ = {isa = PBXFileReference; fileEncoding = 4; lastKnownFileType = sourcecode.swift; path = "UITextField+.swift"; sourceTree = "<group>"; };
		CCF78444268B197A005FDF1D /* UILabel+.swift */ = {isa = PBXFileReference; fileEncoding = 4; lastKnownFileType = sourcecode.swift; path = "UILabel+.swift"; sourceTree = "<group>"; };
		CCF78449268B71CD005FDF1D /* LoginViewController.swift */ = {isa = PBXFileReference; lastKnownFileType = sourcecode.swift; path = LoginViewController.swift; sourceTree = "<group>"; };
		DCE275964F750EF1950B1B3F /* Pods-CA-PIN_IOS.release.xcconfig */ = {isa = PBXFileReference; includeInIndex = 1; lastKnownFileType = text.xcconfig; name = "Pods-CA-PIN_IOS.release.xcconfig"; path = "Target Support Files/Pods-CA-PIN_IOS/Pods-CA-PIN_IOS.release.xcconfig"; sourceTree = "<group>"; };
		E1713BD6CEA8E864225CCD7B /* Pods-CA-PIN_IOSTests.release.xcconfig */ = {isa = PBXFileReference; includeInIndex = 1; lastKnownFileType = text.xcconfig; name = "Pods-CA-PIN_IOSTests.release.xcconfig"; path = "Target Support Files/Pods-CA-PIN_IOSTests/Pods-CA-PIN_IOSTests.release.xcconfig"; sourceTree = "<group>"; };
		E81F0ED3268DC2340042B825 /* CafeTITest1ViewController.swift */ = {isa = PBXFileReference; lastKnownFileType = sourcecode.swift; path = CafeTITest1ViewController.swift; sourceTree = "<group>"; };
		E81F0EDB268E2CD30042B825 /* CAFETIQuestionDataModel.swift */ = {isa = PBXFileReference; lastKnownFileType = sourcecode.swift; name = CAFETIQuestionDataModel.swift; path = "CA-PIN_IOS/Screens/CafeTI/ViewControllers/CAFETIQuestionDataModel.swift"; sourceTree = SOURCE_ROOT; };
		E81F0EE1269203520042B825 /* QuestionTableViewCell.swift */ = {isa = PBXFileReference; lastKnownFileType = sourcecode.swift; path = QuestionTableViewCell.swift; sourceTree = "<group>"; };
/* End PBXFileReference section */

/* Begin PBXFrameworksBuildPhase section */
		CCA85AEE2688ED6E00C9A32C /* Frameworks */ = {
			isa = PBXFrameworksBuildPhase;
			buildActionMask = 2147483647;
			files = (
				CCF78433268B07DC005FDF1D /* Lottie in Frameworks */,
				CCF78430268B07C0005FDF1D /* Kingfisher in Frameworks */,
				CCF78440268B08E4005FDF1D /* SwiftyColor in Frameworks */,
				CCF78436268B082A005FDF1D /* Moya in Frameworks */,
				CCF78427268B0774005FDF1D /* Then in Frameworks */,
				CCF78438268B082A005FDF1D /* RxMoya in Frameworks */,
				CCF7843A268B082A005FDF1D /* ReactiveMoya in Frameworks */,
				CCF7842A268B0781005FDF1D /* SnapKit in Frameworks */,
				CCF7842D268B0797005FDF1D /* CGFloatLiteral in Frameworks */,
				CCF7843D268B08C2005FDF1D /* SwiftKeychainWrapper in Frameworks */,
				7B80170D951C27BD4B4456D6 /* Pods_CA_PIN_IOS.framework in Frameworks */,
			);
			runOnlyForDeploymentPostprocessing = 0;
		};
		CCA85B042688ED7300C9A32C /* Frameworks */ = {
			isa = PBXFrameworksBuildPhase;
			buildActionMask = 2147483647;
			files = (
				DEAF5909BEA6DABAD94C99B1 /* Pods_CA_PIN_IOSTests.framework in Frameworks */,
			);
			runOnlyForDeploymentPostprocessing = 0;
		};
		CCA85B0F2688ED7300C9A32C /* Frameworks */ = {
			isa = PBXFrameworksBuildPhase;
			buildActionMask = 2147483647;
			files = (
				411F7BF12A6685CEA7A9189F /* Pods_CA_PIN_IOS_CA_PIN_IOSUITests.framework in Frameworks */,
			);
			runOnlyForDeploymentPostprocessing = 0;
		};
/* End PBXFrameworksBuildPhase section */

/* Begin PBXGroup section */
		92413705269431D00016D18F /* Cells */ = {
			isa = PBXGroup;
			children = (
				9292FFCF26983D9300BCD791 /* CategoryDetail */,
				9292FFCE26983D8900BCD791 /* MyPage */,
			);
			path = Cells;
			sourceTree = "<group>";
		};
		9292FFCE26983D8900BCD791 /* MyPage */ = {
			isa = PBXGroup;
			children = (
				924137082694330E0016D18F /* PageCollectionViewCell.swift */,
				92413706269432F00016D18F /* TabbarCollectionViewCell.swift */,
				92413710269457C50016D18F /* MyCategoryTableViewCell.swift */,
				9241370E269457A80016D18F /* MyReviewTableViewCell.swift */,
				92537072269893DF00E2E5EA /* MyCategoryCollectionViewCell.swift */,
				92537074269893EB00E2E5EA /* MyReviewCollectionViewCell.swift */,
			);
			path = MyPage;
			sourceTree = "<group>";
		};
		9292FFCF26983D9300BCD791 /* CategoryDetail */ = {
			isa = PBXGroup;
			children = (
				9292FFCC26964DF400BCD791 /* EmptyCategoryTableViewCell.swift */,
				9292FFC926964AFA00BCD791 /* TagCollectionViewCell.swift */,
				9292FFC72696352600BCD791 /* CategoryCafeListTableViewCell.swift */,
			);
			path = CategoryDetail;
			sourceTree = "<group>";
		};
		929AD4DA268EEAE90071C394 /* SignUp */ = {
			isa = PBXGroup;
			children = (
				929AD4DB268EEB150071C394 /* SignUpViewController.swift */,
			);
			path = SignUp;
			sourceTree = "<group>";
		};
		C38EDC277BFADE44C40B2C86 /* Frameworks */ = {
			isa = PBXGroup;
			children = (
				259477F0E447DE04609449E5 /* Pods_CA_PIN_IOS.framework */,
				7D30FA22FBCC69E92AAED0BE /* Pods_CA_PIN_IOS_CA_PIN_IOSUITests.framework */,
				1D2EB73A4D1A93ECC7CCACCE /* Pods_CA_PIN_IOSTests.framework */,
			);
			name = Frameworks;
			sourceTree = "<group>";
		};
		CC05E02B268B9D3400269427 /* Map */ = {
			isa = PBXGroup;
			children = (
				CCB6C666268F082600941E92 /* Cells */,
				CC05E02C268B9D4000269427 /* ViewControllers */,
			);
			path = Map;
			sourceTree = "<group>";
		};
		CC05E02C268B9D4000269427 /* ViewControllers */ = {
			isa = PBXGroup;
			children = (
				CC05E02D268B9D5400269427 /* MapViewController.swift */,
				CCB6C662268DC88E00941E92 /* HamburgerViewController.swift */,
				CCB6C664268F044300941E92 /* PinPopupViewController.swift */,
				CCB6C66B268F41E800941E92 /* CreateCategoryViewController.swift */,
				CC45A1792694280800E68817 /* TermsViewController.swift */,
			);
			path = ViewControllers;
			sourceTree = "<group>";
		};
		CC05E031268C4F7700269427 /* Mypage */ = {
			isa = PBXGroup;
			children = (
				92413705269431D00016D18F /* Cells */,
				CC05E032268C4F8100269427 /* ViewControllers */,
			);
			path = Mypage;
			sourceTree = "<group>";
		};
		CC05E032268C4F8100269427 /* ViewControllers */ = {
			isa = PBXGroup;
			children = (
				CC05E033268C4F9300269427 /* MypageViewController.swift */,
				92413712269596660016D18F /* CategoryDetailViewController.swift */,
			);
			path = ViewControllers;
			sourceTree = "<group>";
		};
		CC05E035268C593D00269427 /* CafeTI */ = {
			isa = PBXGroup;
			children = (
				E81F0EE02692033F0042B825 /* Cells */,
				CC05E036268C594600269427 /* ViewControllers */,
			);
			path = CafeTI;
			sourceTree = "<group>";
		};
		CC05E036268C594600269427 /* ViewControllers */ = {
			isa = PBXGroup;
			children = (
				CC05E037268C595F00269427 /* CafeTIViewController.swift */,
				E81F0ED3268DC2340042B825 /* CafeTITest1ViewController.swift */,
			);
			path = ViewControllers;
			sourceTree = "<group>";
		};
		CC05E039268D733900269427 /* Fonts */ = {
			isa = PBXGroup;
			children = (
				CC05E03C268D735A00269427 /* NotoSansKR-Black.otf */,
				CC05E03B268D735A00269427 /* NotoSansKR-Bold.otf */,
				CC05E03D268D735A00269427 /* NotoSansKR-Light.otf */,
				CC05E03E268D735A00269427 /* NotoSansKR-Medium.otf */,
				CC05E03A268D735A00269427 /* NotoSansKR-Regular.otf */,
				CC05E03F268D735A00269427 /* NotoSansKR-Thin.otf */,
			);
			path = Fonts;
			sourceTree = "<group>";
		};
		CC45A17F269478AD00E68817 /* Tag */ = {
			isa = PBXGroup;
			children = (
				CC45A181269478C200E68817 /* Cells */,
				CC45A180269478BC00E68817 /* ViewControllers */,
			);
			path = Tag;
			sourceTree = "<group>";
		};
		CC45A180269478BC00E68817 /* ViewControllers */ = {
			isa = PBXGroup;
			children = (
				CC45A182269478DA00E68817 /* TagViewController.swift */,
				CC45A1862694EFFF00E68817 /* ExitViewController.swift */,
			);
			path = ViewControllers;
			sourceTree = "<group>";
		};
		CC45A181269478C200E68817 /* Cells */ = {
			isa = PBXGroup;
			children = (
				CC45A1842694D14C00E68817 /* TagTableViewCell.swift */,
			);
			path = Cells;
			sourceTree = "<group>";
		};
		CC6FBC0E268A322800BC299C /* Login */ = {
			isa = PBXGroup;
			children = (
				CC6FBC0F268A322E00BC299C /* ViewControllers */,
			);
			path = Login;
			sourceTree = "<group>";
		};
		CC6FBC0F268A322E00BC299C /* ViewControllers */ = {
			isa = PBXGroup;
			children = (
				CCF78449268B71CD005FDF1D /* LoginViewController.swift */,
			);
			path = ViewControllers;
			sourceTree = "<group>";
		};
		CCA85AE82688ED6E00C9A32C = {
			isa = PBXGroup;
			children = (
				CCA85AF32688ED6F00C9A32C /* CA-PIN_IOS */,
				CCA85B0A2688ED7300C9A32C /* CA-PIN_IOSTests */,
				CCA85B152688ED7300C9A32C /* CA-PIN_IOSUITests */,
				CCA85AF22688ED6F00C9A32C /* Products */,
				E58742F02CD642743024EBD7 /* Pods */,
				C38EDC277BFADE44C40B2C86 /* Frameworks */,
			);
			sourceTree = "<group>";
		};
		CCA85AF22688ED6F00C9A32C /* Products */ = {
			isa = PBXGroup;
			children = (
				CCA85AF12688ED6F00C9A32C /* CA-PIN_IOS.app */,
				CCA85B072688ED7300C9A32C /* CA-PIN_IOSTests.xctest */,
				CCA85B122688ED7300C9A32C /* CA-PIN_IOSUITests.xctest */,
			);
			name = Products;
			sourceTree = "<group>";
		};
		CCA85AF32688ED6F00C9A32C /* CA-PIN_IOS */ = {
			isa = PBXGroup;
			children = (
				CCA85B282688F11700C9A32C /* Supports */,
				CCA85B272688F11200C9A32C /* Screens */,
				CCA85B262688F10D00C9A32C /* Network */,
				CCA85B252688F10800C9A32C /* Global */,
				CCA85B242688F10100C9A32C /* Configuration */,
			);
			path = "CA-PIN_IOS";
			sourceTree = "<group>";
		};
		CCA85B0A2688ED7300C9A32C /* CA-PIN_IOSTests */ = {
			isa = PBXGroup;
			children = (
				CCA85B0B2688ED7300C9A32C /* CA_PIN_IOSTests.swift */,
				CCA85B0D2688ED7300C9A32C /* Info.plist */,
			);
			path = "CA-PIN_IOSTests";
			sourceTree = "<group>";
		};
		CCA85B152688ED7300C9A32C /* CA-PIN_IOSUITests */ = {
			isa = PBXGroup;
			children = (
				CCA85B162688ED7300C9A32C /* CA_PIN_IOSUITests.swift */,
				CCA85B182688ED7300C9A32C /* Info.plist */,
			);
			path = "CA-PIN_IOSUITests";
			sourceTree = "<group>";
		};
		CCA85B242688F10100C9A32C /* Configuration */ = {
			isa = PBXGroup;
			children = (
				CCA85B292688F14600C9A32C /* KeyChainStorage.swift */,
				CCA85B2B2688F15300C9A32C /* StoryboardStorage.swift */,
			);
			path = Configuration;
			sourceTree = "<group>";
		};
		CCA85B252688F10800C9A32C /* Global */ = {
			isa = PBXGroup;
			children = (
				CCA85B302688F16D00C9A32C /* Protocols */,
				CCA85B2F2688F16700C9A32C /* Models */,
				CCA85B2E2688F16200C9A32C /* Extensions */,
				CCA85B2D2688F15D00C9A32C /* Enums */,
			);
			path = Global;
			sourceTree = "<group>";
		};
		CCA85B262688F10D00C9A32C /* Network */ = {
			isa = PBXGroup;
			children = (
			);
			path = Network;
			sourceTree = "<group>";
		};
		CCA85B272688F11200C9A32C /* Screens */ = {
			isa = PBXGroup;
			children = (
				929AD4DA268EEAE90071C394 /* SignUp */,
				CC45A17F269478AD00E68817 /* Tag */,
				CC05E035268C593D00269427 /* CafeTI */,
				CC05E031268C4F7700269427 /* Mypage */,
				CC05E02B268B9D3400269427 /* Map */,
				CC6FBC0E268A322800BC299C /* Login */,
				CCA85AF82688ED6F00C9A32C /* ViewController.swift */,
				CCA85AFA2688ED6F00C9A32C /* Main.storyboard */,
				CC05E02F268C4EBF00269427 /* TabbarViewController.swift */,
			);
			path = Screens;
			sourceTree = "<group>";
		};
		CCA85B282688F11700C9A32C /* Supports */ = {
			isa = PBXGroup;
			children = (
				CC05E039268D733900269427 /* Fonts */,
				CCA85B632688F43700C9A32C /* Base.lproj */,
				CCA85AF42688ED6F00C9A32C /* AppDelegate.swift */,
				CCA85AF62688ED6F00C9A32C /* SceneDelegate.swift */,
				CCA85AFD2688ED7200C9A32C /* Assets.xcassets */,
				CCA85B022688ED7200C9A32C /* Info.plist */,
			);
			path = Supports;
			sourceTree = "<group>";
		};
		CCA85B2D2688F15D00C9A32C /* Enums */ = {
			isa = PBXGroup;
			children = (
			);
			path = Enums;
			sourceTree = "<group>";
		};
		CCA85B2E2688F16200C9A32C /* Extensions */ = {
			isa = PBXGroup;
			children = (
				CC05E028268B865400269427 /* UIButton+.swift */,
				CC05E027268B865400269427 /* UIFont+.swift */,
				CCA85B492688F1E700C9A32C /* CALayer+.swift */,
				CCA85B542688F29600C9A32C /* UICollectionReusableView+.swift */,
				CCA85B552688F29600C9A32C /* UICollectionView+.swift */,
				CCA85B4F2688F29600C9A32C /* UICollectionViewCell+.swift */,
				CCA85B532688F29600C9A32C /* UIColor+.swift */,
				CCA85B512688F29600C9A32C /* UIDatePicker+.swift */,
				CCA85B522688F29600C9A32C /* UIImage+.swift */,
				CCA85B4B2688F29600C9A32C /* UIImageView+.swift */,
				CCA85B4C2688F29600C9A32C /* UITableView+.swift */,
				CCA85B4D2688F29600C9A32C /* UITableViewCell+.swift */,
				CCA85B4E2688F29600C9A32C /* UIView+.swift */,
				CCA85B502688F29600C9A32C /* UIViewController+.swift */,
				CCF78444268B197A005FDF1D /* UILabel+.swift */,
				CCF78442268B197A005FDF1D /* UITextField+.swift */,
			);
			path = Extensions;
			sourceTree = "<group>";
		};
		CCA85B2F2688F16700C9A32C /* Models */ = {
			isa = PBXGroup;
			children = (
				E81F0EDB268E2CD30042B825 /* CAFETIQuestionDataModel.swift */,
			);
			path = Models;
			sourceTree = "<group>";
		};
		CCA85B302688F16D00C9A32C /* Protocols */ = {
			isa = PBXGroup;
			children = (
				CCA85B612688F2F800C9A32C /* ReusableView.swift */,
			);
			path = Protocols;
			sourceTree = "<group>";
		};
		CCA85B632688F43700C9A32C /* Base.lproj */ = {
			isa = PBXGroup;
			children = (
				CCA85AFF2688ED7200C9A32C /* LaunchScreen.storyboard */,
			);
			path = Base.lproj;
			sourceTree = "<group>";
		};
		CCB6C666268F082600941E92 /* Cells */ = {
			isa = PBXGroup;
			children = (
				CCB6C667268F083A00941E92 /* PinPopupTableViewCell.swift */,
				CCB6C66D268F498B00941E92 /* CategoryCollectionViewCell.swift */,
				CC45A17B26942BEA00E68817 /* TermsGeneralTableViewCell.swift */,
				CC45A17D26942BF400E68817 /* TermsVersionTableViewCell.swift */,
			);
			path = Cells;
			sourceTree = "<group>";
		};
		E58742F02CD642743024EBD7 /* Pods */ = {
			isa = PBXGroup;
			children = (
				B350E96FA945D43E4A64DD28 /* Pods-CA-PIN_IOS.debug.xcconfig */,
				DCE275964F750EF1950B1B3F /* Pods-CA-PIN_IOS.release.xcconfig */,
				4C54DEA8F4DE6F401F16C8D9 /* Pods-CA-PIN_IOS-CA-PIN_IOSUITests.debug.xcconfig */,
				6487D4BF3EFFAB9B4F67E2B1 /* Pods-CA-PIN_IOS-CA-PIN_IOSUITests.release.xcconfig */,
				04B365EF4941E9A12EE64EA9 /* Pods-CA-PIN_IOSTests.debug.xcconfig */,
				E1713BD6CEA8E864225CCD7B /* Pods-CA-PIN_IOSTests.release.xcconfig */,
			);
			path = Pods;
			sourceTree = "<group>";
		};
		E81F0EE02692033F0042B825 /* Cells */ = {
			isa = PBXGroup;
			children = (
				E81F0EE1269203520042B825 /* QuestionTableViewCell.swift */,
			);
			path = Cells;
			sourceTree = "<group>";
		};
/* End PBXGroup section */

/* Begin PBXNativeTarget section */
		CCA85AF02688ED6E00C9A32C /* CA-PIN_IOS */ = {
			isa = PBXNativeTarget;
			buildConfigurationList = CCA85B1B2688ED7300C9A32C /* Build configuration list for PBXNativeTarget "CA-PIN_IOS" */;
			buildPhases = (
				C23B9B62C70C498BDBD7071A /* [CP] Check Pods Manifest.lock */,
				CCA85AED2688ED6E00C9A32C /* Sources */,
				CCA85AEE2688ED6E00C9A32C /* Frameworks */,
				CCA85AEF2688ED6E00C9A32C /* Resources */,
				790EFF3D0598BB0A3D84551E /* [CP] Embed Pods Frameworks */,
			);
			buildRules = (
			);
			dependencies = (
			);
			name = "CA-PIN_IOS";
			packageProductDependencies = (
				CCF78426268B0774005FDF1D /* Then */,
				CCF78429268B0781005FDF1D /* SnapKit */,
				CCF7842C268B0797005FDF1D /* CGFloatLiteral */,
				CCF7842F268B07C0005FDF1D /* Kingfisher */,
				CCF78432268B07DC005FDF1D /* Lottie */,
				CCF78435268B082A005FDF1D /* Moya */,
				CCF78437268B082A005FDF1D /* RxMoya */,
				CCF78439268B082A005FDF1D /* ReactiveMoya */,
				CCF7843C268B08C2005FDF1D /* SwiftKeychainWrapper */,
				CCF7843F268B08E4005FDF1D /* SwiftyColor */,
			);
			productName = "CA-PIN_IOS";
			productReference = CCA85AF12688ED6F00C9A32C /* CA-PIN_IOS.app */;
			productType = "com.apple.product-type.application";
		};
		CCA85B062688ED7300C9A32C /* CA-PIN_IOSTests */ = {
			isa = PBXNativeTarget;
			buildConfigurationList = CCA85B1E2688ED7300C9A32C /* Build configuration list for PBXNativeTarget "CA-PIN_IOSTests" */;
			buildPhases = (
				66B3B99C8EC875605419C3E0 /* [CP] Check Pods Manifest.lock */,
				CCA85B032688ED7300C9A32C /* Sources */,
				CCA85B042688ED7300C9A32C /* Frameworks */,
				CCA85B052688ED7300C9A32C /* Resources */,
			);
			buildRules = (
			);
			dependencies = (
				CCA85B092688ED7300C9A32C /* PBXTargetDependency */,
			);
			name = "CA-PIN_IOSTests";
			productName = "CA-PIN_IOSTests";
			productReference = CCA85B072688ED7300C9A32C /* CA-PIN_IOSTests.xctest */;
			productType = "com.apple.product-type.bundle.unit-test";
		};
		CCA85B112688ED7300C9A32C /* CA-PIN_IOSUITests */ = {
			isa = PBXNativeTarget;
			buildConfigurationList = CCA85B212688ED7300C9A32C /* Build configuration list for PBXNativeTarget "CA-PIN_IOSUITests" */;
			buildPhases = (
				7A221E4E57114AD210A34418 /* [CP] Check Pods Manifest.lock */,
				CCA85B0E2688ED7300C9A32C /* Sources */,
				CCA85B0F2688ED7300C9A32C /* Frameworks */,
				CCA85B102688ED7300C9A32C /* Resources */,
				5AA230BD8D72EFA66F96CB62 /* [CP] Embed Pods Frameworks */,
			);
			buildRules = (
			);
			dependencies = (
				CCA85B142688ED7300C9A32C /* PBXTargetDependency */,
			);
			name = "CA-PIN_IOSUITests";
			productName = "CA-PIN_IOSUITests";
			productReference = CCA85B122688ED7300C9A32C /* CA-PIN_IOSUITests.xctest */;
			productType = "com.apple.product-type.bundle.ui-testing";
		};
/* End PBXNativeTarget section */

/* Begin PBXProject section */
		CCA85AE92688ED6E00C9A32C /* Project object */ = {
			isa = PBXProject;
			attributes = {
				LastSwiftUpdateCheck = 1250;
				LastUpgradeCheck = 1250;
				TargetAttributes = {
					CCA85AF02688ED6E00C9A32C = {
						CreatedOnToolsVersion = 12.5;
					};
					CCA85B062688ED7300C9A32C = {
						CreatedOnToolsVersion = 12.5;
						TestTargetID = CCA85AF02688ED6E00C9A32C;
					};
					CCA85B112688ED7300C9A32C = {
						CreatedOnToolsVersion = 12.5;
						TestTargetID = CCA85AF02688ED6E00C9A32C;
					};
				};
			};
			buildConfigurationList = CCA85AEC2688ED6E00C9A32C /* Build configuration list for PBXProject "CA-PIN_IOS" */;
			compatibilityVersion = "Xcode 9.3";
			developmentRegion = en;
			hasScannedForEncodings = 0;
			knownRegions = (
				en,
				Base,
			);
			mainGroup = CCA85AE82688ED6E00C9A32C;
			packageReferences = (
				CCF78425268B0774005FDF1D /* XCRemoteSwiftPackageReference "Then" */,
				CCF78428268B0781005FDF1D /* XCRemoteSwiftPackageReference "SnapKit" */,
				CCF7842B268B0797005FDF1D /* XCRemoteSwiftPackageReference "CGFloatLiteral" */,
				CCF7842E268B07C0005FDF1D /* XCRemoteSwiftPackageReference "Kingfisher" */,
				CCF78431268B07DC005FDF1D /* XCRemoteSwiftPackageReference "lottie-ios" */,
				CCF78434268B082A005FDF1D /* XCRemoteSwiftPackageReference "Moya" */,
				CCF7843B268B08C2005FDF1D /* XCRemoteSwiftPackageReference "SwiftKeychainWrapper" */,
				CCF7843E268B08E4005FDF1D /* XCRemoteSwiftPackageReference "SwiftyColor" */,
			);
			productRefGroup = CCA85AF22688ED6F00C9A32C /* Products */;
			projectDirPath = "";
			projectRoot = "";
			targets = (
				CCA85AF02688ED6E00C9A32C /* CA-PIN_IOS */,
				CCA85B062688ED7300C9A32C /* CA-PIN_IOSTests */,
				CCA85B112688ED7300C9A32C /* CA-PIN_IOSUITests */,
			);
		};
/* End PBXProject section */

/* Begin PBXResourcesBuildPhase section */
		CCA85AEF2688ED6E00C9A32C /* Resources */ = {
			isa = PBXResourcesBuildPhase;
			buildActionMask = 2147483647;
			files = (
				CC05E045268D735A00269427 /* NotoSansKR-Thin.otf in Resources */,
				CCA85B012688ED7200C9A32C /* LaunchScreen.storyboard in Resources */,
				CCA85AFE2688ED7200C9A32C /* Assets.xcassets in Resources */,
				CC05E043268D735A00269427 /* NotoSansKR-Light.otf in Resources */,
				CC05E040268D735A00269427 /* NotoSansKR-Regular.otf in Resources */,
				CC05E044268D735A00269427 /* NotoSansKR-Medium.otf in Resources */,
				CC05E042268D735A00269427 /* NotoSansKR-Black.otf in Resources */,
				CCA85AFC2688ED6F00C9A32C /* Main.storyboard in Resources */,
				CC05E041268D735A00269427 /* NotoSansKR-Bold.otf in Resources */,
			);
			runOnlyForDeploymentPostprocessing = 0;
		};
		CCA85B052688ED7300C9A32C /* Resources */ = {
			isa = PBXResourcesBuildPhase;
			buildActionMask = 2147483647;
			files = (
			);
			runOnlyForDeploymentPostprocessing = 0;
		};
		CCA85B102688ED7300C9A32C /* Resources */ = {
			isa = PBXResourcesBuildPhase;
			buildActionMask = 2147483647;
			files = (
			);
			runOnlyForDeploymentPostprocessing = 0;
		};
/* End PBXResourcesBuildPhase section */

/* Begin PBXShellScriptBuildPhase section */
		5AA230BD8D72EFA66F96CB62 /* [CP] Embed Pods Frameworks */ = {
			isa = PBXShellScriptBuildPhase;
			buildActionMask = 2147483647;
			files = (
			);
			inputFileListPaths = (
				"${PODS_ROOT}/Target Support Files/Pods-CA-PIN_IOS-CA-PIN_IOSUITests/Pods-CA-PIN_IOS-CA-PIN_IOSUITests-frameworks-${CONFIGURATION}-input-files.xcfilelist",
			);
			name = "[CP] Embed Pods Frameworks";
			outputFileListPaths = (
				"${PODS_ROOT}/Target Support Files/Pods-CA-PIN_IOS-CA-PIN_IOSUITests/Pods-CA-PIN_IOS-CA-PIN_IOSUITests-frameworks-${CONFIGURATION}-output-files.xcfilelist",
			);
			runOnlyForDeploymentPostprocessing = 0;
			shellPath = /bin/sh;
			shellScript = "\"${PODS_ROOT}/Target Support Files/Pods-CA-PIN_IOS-CA-PIN_IOSUITests/Pods-CA-PIN_IOS-CA-PIN_IOSUITests-frameworks.sh\"\n";
			showEnvVarsInLog = 0;
		};
		66B3B99C8EC875605419C3E0 /* [CP] Check Pods Manifest.lock */ = {
			isa = PBXShellScriptBuildPhase;
			buildActionMask = 2147483647;
			files = (
			);
			inputFileListPaths = (
			);
			inputPaths = (
				"${PODS_PODFILE_DIR_PATH}/Podfile.lock",
				"${PODS_ROOT}/Manifest.lock",
			);
			name = "[CP] Check Pods Manifest.lock";
			outputFileListPaths = (
			);
			outputPaths = (
				"$(DERIVED_FILE_DIR)/Pods-CA-PIN_IOSTests-checkManifestLockResult.txt",
			);
			runOnlyForDeploymentPostprocessing = 0;
			shellPath = /bin/sh;
			shellScript = "diff \"${PODS_PODFILE_DIR_PATH}/Podfile.lock\" \"${PODS_ROOT}/Manifest.lock\" > /dev/null\nif [ $? != 0 ] ; then\n    # print error to STDERR\n    echo \"error: The sandbox is not in sync with the Podfile.lock. Run 'pod install' or update your CocoaPods installation.\" >&2\n    exit 1\nfi\n# This output is used by Xcode 'outputs' to avoid re-running this script phase.\necho \"SUCCESS\" > \"${SCRIPT_OUTPUT_FILE_0}\"\n";
			showEnvVarsInLog = 0;
		};
		790EFF3D0598BB0A3D84551E /* [CP] Embed Pods Frameworks */ = {
			isa = PBXShellScriptBuildPhase;
			buildActionMask = 2147483647;
			files = (
			);
			inputFileListPaths = (
				"${PODS_ROOT}/Target Support Files/Pods-CA-PIN_IOS/Pods-CA-PIN_IOS-frameworks-${CONFIGURATION}-input-files.xcfilelist",
			);
			name = "[CP] Embed Pods Frameworks";
			outputFileListPaths = (
				"${PODS_ROOT}/Target Support Files/Pods-CA-PIN_IOS/Pods-CA-PIN_IOS-frameworks-${CONFIGURATION}-output-files.xcfilelist",
			);
			runOnlyForDeploymentPostprocessing = 0;
			shellPath = /bin/sh;
			shellScript = "\"${PODS_ROOT}/Target Support Files/Pods-CA-PIN_IOS/Pods-CA-PIN_IOS-frameworks.sh\"\n";
			showEnvVarsInLog = 0;
		};
		7A221E4E57114AD210A34418 /* [CP] Check Pods Manifest.lock */ = {
			isa = PBXShellScriptBuildPhase;
			buildActionMask = 2147483647;
			files = (
			);
			inputFileListPaths = (
			);
			inputPaths = (
				"${PODS_PODFILE_DIR_PATH}/Podfile.lock",
				"${PODS_ROOT}/Manifest.lock",
			);
			name = "[CP] Check Pods Manifest.lock";
			outputFileListPaths = (
			);
			outputPaths = (
				"$(DERIVED_FILE_DIR)/Pods-CA-PIN_IOS-CA-PIN_IOSUITests-checkManifestLockResult.txt",
			);
			runOnlyForDeploymentPostprocessing = 0;
			shellPath = /bin/sh;
			shellScript = "diff \"${PODS_PODFILE_DIR_PATH}/Podfile.lock\" \"${PODS_ROOT}/Manifest.lock\" > /dev/null\nif [ $? != 0 ] ; then\n    # print error to STDERR\n    echo \"error: The sandbox is not in sync with the Podfile.lock. Run 'pod install' or update your CocoaPods installation.\" >&2\n    exit 1\nfi\n# This output is used by Xcode 'outputs' to avoid re-running this script phase.\necho \"SUCCESS\" > \"${SCRIPT_OUTPUT_FILE_0}\"\n";
			showEnvVarsInLog = 0;
		};
		C23B9B62C70C498BDBD7071A /* [CP] Check Pods Manifest.lock */ = {
			isa = PBXShellScriptBuildPhase;
			buildActionMask = 2147483647;
			files = (
			);
			inputFileListPaths = (
			);
			inputPaths = (
				"${PODS_PODFILE_DIR_PATH}/Podfile.lock",
				"${PODS_ROOT}/Manifest.lock",
			);
			name = "[CP] Check Pods Manifest.lock";
			outputFileListPaths = (
			);
			outputPaths = (
				"$(DERIVED_FILE_DIR)/Pods-CA-PIN_IOS-checkManifestLockResult.txt",
			);
			runOnlyForDeploymentPostprocessing = 0;
			shellPath = /bin/sh;
			shellScript = "diff \"${PODS_PODFILE_DIR_PATH}/Podfile.lock\" \"${PODS_ROOT}/Manifest.lock\" > /dev/null\nif [ $? != 0 ] ; then\n    # print error to STDERR\n    echo \"error: The sandbox is not in sync with the Podfile.lock. Run 'pod install' or update your CocoaPods installation.\" >&2\n    exit 1\nfi\n# This output is used by Xcode 'outputs' to avoid re-running this script phase.\necho \"SUCCESS\" > \"${SCRIPT_OUTPUT_FILE_0}\"\n";
			showEnvVarsInLog = 0;
		};
/* End PBXShellScriptBuildPhase section */

/* Begin PBXSourcesBuildPhase section */
		CCA85AED2688ED6E00C9A32C /* Sources */ = {
			isa = PBXSourcesBuildPhase;
			buildActionMask = 2147483647;
			files = (
				9292FFCD26964DF400BCD791 /* EmptyCategoryTableViewCell.swift in Sources */,
				E81F0EE2269203520042B825 /* QuestionTableViewCell.swift in Sources */,
				CC05E029268B865400269427 /* UIFont+.swift in Sources */,
				CCF7844A268B71CD005FDF1D /* LoginViewController.swift in Sources */,
				92413713269596660016D18F /* CategoryDetailViewController.swift in Sources */,
				CCA85B582688F29700C9A32C /* UITableViewCell+.swift in Sources */,
				CC05E034268C4F9300269427 /* MypageViewController.swift in Sources */,
				CC05E030268C4EBF00269427 /* TabbarViewController.swift in Sources */,
				CC45A1872694EFFF00E68817 /* ExitViewController.swift in Sources */,
				CCA85B5D2688F29700C9A32C /* UIImage+.swift in Sources */,
				92537073269893DF00E2E5EA /* MyCategoryCollectionViewCell.swift in Sources */,
				CCA85AF92688ED6F00C9A32C /* ViewController.swift in Sources */,
				92537075269893EB00E2E5EA /* MyReviewCollectionViewCell.swift in Sources */,
				E81F0EDC268E2CD30042B825 /* CAFETIQuestionDataModel.swift in Sources */,
				CCA85B5B2688F29700C9A32C /* UIViewController+.swift in Sources */,
				92413711269457C50016D18F /* MyCategoryTableViewCell.swift in Sources */,
				CCA85B5A2688F29700C9A32C /* UICollectionViewCell+.swift in Sources */,
				CC05E02E268B9D5400269427 /* MapViewController.swift in Sources */,
				929AD4DC268EEB150071C394 /* SignUpViewController.swift in Sources */,
				CCA85B572688F29700C9A32C /* UITableView+.swift in Sources */,
				CCA85B4A2688F1E700C9A32C /* CALayer+.swift in Sources */,
				CCA85B592688F29700C9A32C /* UIView+.swift in Sources */,
				9241370F269457A80016D18F /* MyReviewTableViewCell.swift in Sources */,
				CCF78448268B197A005FDF1D /* UILabel+.swift in Sources */,
				CCB6C66C268F41E800941E92 /* CreateCategoryViewController.swift in Sources */,
				CCA85B572688F29700C9A32C /* UITableView+.swift in Sources */,
				CCA85B4A2688F1E700C9A32C /* CALayer+.swift in Sources */,
				9292FFC82696352600BCD791 /* CategoryCafeListTableViewCell.swift in Sources */,
				CCA85B592688F29700C9A32C /* UIView+.swift in Sources */,
				CC45A1852694D14C00E68817 /* TagTableViewCell.swift in Sources */,
				CCF78448268B197A005FDF1D /* UILabel+.swift in Sources */,
				CC45A17C26942BEA00E68817 /* TermsGeneralTableViewCell.swift in Sources */,
				CC45A17E26942BF400E68817 /* TermsVersionTableViewCell.swift in Sources */,
				CCA85B562688F29700C9A32C /* UIImageView+.swift in Sources */,
				CCB6C665268F044400941E92 /* PinPopupViewController.swift in Sources */,
				CC05E02A268B865400269427 /* UIButton+.swift in Sources */,
				CCA85B622688F2F800C9A32C /* ReusableView.swift in Sources */,
				CCF78446268B197A005FDF1D /* UITextField+.swift in Sources */,
				924137092694330E0016D18F /* PageCollectionViewCell.swift in Sources */,
				CC45A17A2694280800E68817 /* TermsViewController.swift in Sources */,
				CC05E038268C595F00269427 /* CafeTIViewController.swift in Sources */,
				CCA85B602688F29700C9A32C /* UICollectionView+.swift in Sources */,
				CCB6C663268DC88E00941E92 /* HamburgerViewController.swift in Sources */,
				CCA85B2A2688F14600C9A32C /* KeyChainStorage.swift in Sources */,
				9292FFCA26964AFA00BCD791 /* TagCollectionViewCell.swift in Sources */,
				CCB6C66E268F498B00941E92 /* CategoryCollectionViewCell.swift in Sources */,
				CC45A183269478DA00E68817 /* TagViewController.swift in Sources */,
				CCA85B2C2688F15300C9A32C /* StoryboardStorage.swift in Sources */,
				CCA85AF52688ED6F00C9A32C /* AppDelegate.swift in Sources */,
				92413707269432F00016D18F /* TabbarCollectionViewCell.swift in Sources */,
				CCB6C668268F083A00941E92 /* PinPopupTableViewCell.swift in Sources */,
				CCA85B5C2688F29700C9A32C /* UIDatePicker+.swift in Sources */,
				CCA85B5F2688F29700C9A32C /* UICollectionReusableView+.swift in Sources */,
				CCA85AF72688ED6F00C9A32C /* SceneDelegate.swift in Sources */,
				E81F0ED4268DC2340042B825 /* CafeTITest1ViewController.swift in Sources */,
				CCA85B5E2688F29700C9A32C /* UIColor+.swift in Sources */,
			);
			runOnlyForDeploymentPostprocessing = 0;
		};
		CCA85B032688ED7300C9A32C /* Sources */ = {
			isa = PBXSourcesBuildPhase;
			buildActionMask = 2147483647;
			files = (
				CCA85B0C2688ED7300C9A32C /* CA_PIN_IOSTests.swift in Sources */,
			);
			runOnlyForDeploymentPostprocessing = 0;
		};
		CCA85B0E2688ED7300C9A32C /* Sources */ = {
			isa = PBXSourcesBuildPhase;
			buildActionMask = 2147483647;
			files = (
				CCA85B172688ED7300C9A32C /* CA_PIN_IOSUITests.swift in Sources */,
			);
			runOnlyForDeploymentPostprocessing = 0;
		};
/* End PBXSourcesBuildPhase section */

/* Begin PBXTargetDependency section */
		CCA85B092688ED7300C9A32C /* PBXTargetDependency */ = {
			isa = PBXTargetDependency;
			target = CCA85AF02688ED6E00C9A32C /* CA-PIN_IOS */;
			targetProxy = CCA85B082688ED7300C9A32C /* PBXContainerItemProxy */;
		};
		CCA85B142688ED7300C9A32C /* PBXTargetDependency */ = {
			isa = PBXTargetDependency;
			target = CCA85AF02688ED6E00C9A32C /* CA-PIN_IOS */;
			targetProxy = CCA85B132688ED7300C9A32C /* PBXContainerItemProxy */;
		};
/* End PBXTargetDependency section */

/* Begin PBXVariantGroup section */
		CCA85AFA2688ED6F00C9A32C /* Main.storyboard */ = {
			isa = PBXVariantGroup;
			children = (
				CCA85AFB2688ED6F00C9A32C /* Base */,
			);
			name = Main.storyboard;
			sourceTree = "<group>";
		};
		CCA85AFF2688ED7200C9A32C /* LaunchScreen.storyboard */ = {
			isa = PBXVariantGroup;
			children = (
				CCA85B002688ED7200C9A32C /* Base */,
			);
			name = LaunchScreen.storyboard;
			sourceTree = "<group>";
		};
/* End PBXVariantGroup section */

/* Begin XCBuildConfiguration section */
		CCA85B192688ED7300C9A32C /* Debug */ = {
			isa = XCBuildConfiguration;
			buildSettings = {
				ALWAYS_SEARCH_USER_PATHS = NO;
				CLANG_ANALYZER_NONNULL = YES;
				CLANG_ANALYZER_NUMBER_OBJECT_CONVERSION = YES_AGGRESSIVE;
				CLANG_CXX_LANGUAGE_STANDARD = "gnu++14";
				CLANG_CXX_LIBRARY = "libc++";
				CLANG_ENABLE_MODULES = YES;
				CLANG_ENABLE_OBJC_ARC = YES;
				CLANG_ENABLE_OBJC_WEAK = YES;
				CLANG_WARN_BLOCK_CAPTURE_AUTORELEASING = YES;
				CLANG_WARN_BOOL_CONVERSION = YES;
				CLANG_WARN_COMMA = YES;
				CLANG_WARN_CONSTANT_CONVERSION = YES;
				CLANG_WARN_DEPRECATED_OBJC_IMPLEMENTATIONS = YES;
				CLANG_WARN_DIRECT_OBJC_ISA_USAGE = YES_ERROR;
				CLANG_WARN_DOCUMENTATION_COMMENTS = YES;
				CLANG_WARN_EMPTY_BODY = YES;
				CLANG_WARN_ENUM_CONVERSION = YES;
				CLANG_WARN_INFINITE_RECURSION = YES;
				CLANG_WARN_INT_CONVERSION = YES;
				CLANG_WARN_NON_LITERAL_NULL_CONVERSION = YES;
				CLANG_WARN_OBJC_IMPLICIT_RETAIN_SELF = YES;
				CLANG_WARN_OBJC_LITERAL_CONVERSION = YES;
				CLANG_WARN_OBJC_ROOT_CLASS = YES_ERROR;
				CLANG_WARN_QUOTED_INCLUDE_IN_FRAMEWORK_HEADER = YES;
				CLANG_WARN_RANGE_LOOP_ANALYSIS = YES;
				CLANG_WARN_STRICT_PROTOTYPES = YES;
				CLANG_WARN_SUSPICIOUS_MOVE = YES;
				CLANG_WARN_UNGUARDED_AVAILABILITY = YES_AGGRESSIVE;
				CLANG_WARN_UNREACHABLE_CODE = YES;
				CLANG_WARN__DUPLICATE_METHOD_MATCH = YES;
				COPY_PHASE_STRIP = NO;
				DEBUG_INFORMATION_FORMAT = dwarf;
				ENABLE_STRICT_OBJC_MSGSEND = YES;
				ENABLE_TESTABILITY = YES;
				GCC_C_LANGUAGE_STANDARD = gnu11;
				GCC_DYNAMIC_NO_PIC = NO;
				GCC_NO_COMMON_BLOCKS = YES;
				GCC_OPTIMIZATION_LEVEL = 0;
				GCC_PREPROCESSOR_DEFINITIONS = (
					"DEBUG=1",
					"$(inherited)",
				);
				GCC_WARN_64_TO_32_BIT_CONVERSION = YES;
				GCC_WARN_ABOUT_RETURN_TYPE = YES_ERROR;
				GCC_WARN_UNDECLARED_SELECTOR = YES;
				GCC_WARN_UNINITIALIZED_AUTOS = YES_AGGRESSIVE;
				GCC_WARN_UNUSED_FUNCTION = YES;
				GCC_WARN_UNUSED_VARIABLE = YES;
				IPHONEOS_DEPLOYMENT_TARGET = 14.4;
				MTL_ENABLE_DEBUG_INFO = INCLUDE_SOURCE;
				MTL_FAST_MATH = YES;
				ONLY_ACTIVE_ARCH = YES;
				SDKROOT = iphoneos;
				SWIFT_ACTIVE_COMPILATION_CONDITIONS = DEBUG;
				SWIFT_OPTIMIZATION_LEVEL = "-Onone";
			};
			name = Debug;
		};
		CCA85B1A2688ED7300C9A32C /* Release */ = {
			isa = XCBuildConfiguration;
			buildSettings = {
				ALWAYS_SEARCH_USER_PATHS = NO;
				CLANG_ANALYZER_NONNULL = YES;
				CLANG_ANALYZER_NUMBER_OBJECT_CONVERSION = YES_AGGRESSIVE;
				CLANG_CXX_LANGUAGE_STANDARD = "gnu++14";
				CLANG_CXX_LIBRARY = "libc++";
				CLANG_ENABLE_MODULES = YES;
				CLANG_ENABLE_OBJC_ARC = YES;
				CLANG_ENABLE_OBJC_WEAK = YES;
				CLANG_WARN_BLOCK_CAPTURE_AUTORELEASING = YES;
				CLANG_WARN_BOOL_CONVERSION = YES;
				CLANG_WARN_COMMA = YES;
				CLANG_WARN_CONSTANT_CONVERSION = YES;
				CLANG_WARN_DEPRECATED_OBJC_IMPLEMENTATIONS = YES;
				CLANG_WARN_DIRECT_OBJC_ISA_USAGE = YES_ERROR;
				CLANG_WARN_DOCUMENTATION_COMMENTS = YES;
				CLANG_WARN_EMPTY_BODY = YES;
				CLANG_WARN_ENUM_CONVERSION = YES;
				CLANG_WARN_INFINITE_RECURSION = YES;
				CLANG_WARN_INT_CONVERSION = YES;
				CLANG_WARN_NON_LITERAL_NULL_CONVERSION = YES;
				CLANG_WARN_OBJC_IMPLICIT_RETAIN_SELF = YES;
				CLANG_WARN_OBJC_LITERAL_CONVERSION = YES;
				CLANG_WARN_OBJC_ROOT_CLASS = YES_ERROR;
				CLANG_WARN_QUOTED_INCLUDE_IN_FRAMEWORK_HEADER = YES;
				CLANG_WARN_RANGE_LOOP_ANALYSIS = YES;
				CLANG_WARN_STRICT_PROTOTYPES = YES;
				CLANG_WARN_SUSPICIOUS_MOVE = YES;
				CLANG_WARN_UNGUARDED_AVAILABILITY = YES_AGGRESSIVE;
				CLANG_WARN_UNREACHABLE_CODE = YES;
				CLANG_WARN__DUPLICATE_METHOD_MATCH = YES;
				COPY_PHASE_STRIP = NO;
				DEBUG_INFORMATION_FORMAT = "dwarf-with-dsym";
				ENABLE_NS_ASSERTIONS = NO;
				ENABLE_STRICT_OBJC_MSGSEND = YES;
				GCC_C_LANGUAGE_STANDARD = gnu11;
				GCC_NO_COMMON_BLOCKS = YES;
				GCC_WARN_64_TO_32_BIT_CONVERSION = YES;
				GCC_WARN_ABOUT_RETURN_TYPE = YES_ERROR;
				GCC_WARN_UNDECLARED_SELECTOR = YES;
				GCC_WARN_UNINITIALIZED_AUTOS = YES_AGGRESSIVE;
				GCC_WARN_UNUSED_FUNCTION = YES;
				GCC_WARN_UNUSED_VARIABLE = YES;
				IPHONEOS_DEPLOYMENT_TARGET = 14.4;
				MTL_ENABLE_DEBUG_INFO = NO;
				MTL_FAST_MATH = YES;
				SDKROOT = iphoneos;
				SWIFT_COMPILATION_MODE = wholemodule;
				SWIFT_OPTIMIZATION_LEVEL = "-O";
				VALIDATE_PRODUCT = YES;
			};
			name = Release;
		};
		CCA85B1C2688ED7300C9A32C /* Debug */ = {
			isa = XCBuildConfiguration;
			baseConfigurationReference = B350E96FA945D43E4A64DD28 /* Pods-CA-PIN_IOS.debug.xcconfig */;
			buildSettings = {
				ASSETCATALOG_COMPILER_APPICON_NAME = AppIcon;
				ASSETCATALOG_COMPILER_GLOBAL_ACCENT_COLOR_NAME = AccentColor;
				CODE_SIGN_IDENTITY = "iPhone Developer";
				CODE_SIGN_STYLE = Manual;
				DEVELOPMENT_TEAM = 4QG3GC35LA;
				INFOPLIST_FILE = "CA-PIN_IOS/Supports/Info.plist";
				IPHONEOS_DEPLOYMENT_TARGET = 14.5;
				LD_RUNPATH_SEARCH_PATHS = (
					"$(inherited)",
					"@executable_path/Frameworks",
				);
				PRODUCT_BUNDLE_IDENTIFIER = ryan.CAPIN;
				PRODUCT_NAME = "$(TARGET_NAME)";
				PROVISIONING_PROFILE_SPECIFIER = "capin-debug";
				SWIFT_VERSION = 5.0;
				TARGETED_DEVICE_FAMILY = "1,2";
			};
			name = Debug;
		};
		CCA85B1D2688ED7300C9A32C /* Release */ = {
			isa = XCBuildConfiguration;
			baseConfigurationReference = DCE275964F750EF1950B1B3F /* Pods-CA-PIN_IOS.release.xcconfig */;
			buildSettings = {
				ASSETCATALOG_COMPILER_APPICON_NAME = AppIcon;
				ASSETCATALOG_COMPILER_GLOBAL_ACCENT_COLOR_NAME = AccentColor;
				CODE_SIGN_IDENTITY = "iPhone Distribution";
				CODE_SIGN_STYLE = Manual;
				DEVELOPMENT_TEAM = 4QG3GC35LA;
				INFOPLIST_FILE = "CA-PIN_IOS/Supports/Info.plist";
				IPHONEOS_DEPLOYMENT_TARGET = 14.5;
				LD_RUNPATH_SEARCH_PATHS = (
					"$(inherited)",
					"@executable_path/Frameworks",
				);
				PRODUCT_BUNDLE_IDENTIFIER = ryan.CAPIN;
				PRODUCT_NAME = "$(TARGET_NAME)";
				PROVISIONING_PROFILE_SPECIFIER = "capin-distribute";
				SWIFT_VERSION = 5.0;
				TARGETED_DEVICE_FAMILY = "1,2";
			};
			name = Release;
		};
		CCA85B1F2688ED7300C9A32C /* Debug */ = {
			isa = XCBuildConfiguration;
			baseConfigurationReference = 04B365EF4941E9A12EE64EA9 /* Pods-CA-PIN_IOSTests.debug.xcconfig */;
			buildSettings = {
				ALWAYS_EMBED_SWIFT_STANDARD_LIBRARIES = YES;
				BUNDLE_LOADER = "$(TEST_HOST)";
				CODE_SIGN_STYLE = Automatic;
				DEVELOPMENT_TEAM = QS42RPKQCD;
				INFOPLIST_FILE = "CA-PIN_IOSTests/Info.plist";
				IPHONEOS_DEPLOYMENT_TARGET = 14.5;
				LD_RUNPATH_SEARCH_PATHS = (
					"$(inherited)",
					"@executable_path/Frameworks",
					"@loader_path/Frameworks",
				);
				PRODUCT_BUNDLE_IDENTIFIER = "ryan.CA-PIN-IOSTests";
				PRODUCT_NAME = "$(TARGET_NAME)";
				SWIFT_VERSION = 5.0;
				TARGETED_DEVICE_FAMILY = "1,2";
				TEST_HOST = "$(BUILT_PRODUCTS_DIR)/CA-PIN_IOS.app/CA-PIN_IOS";
			};
			name = Debug;
		};
		CCA85B202688ED7300C9A32C /* Release */ = {
			isa = XCBuildConfiguration;
			baseConfigurationReference = E1713BD6CEA8E864225CCD7B /* Pods-CA-PIN_IOSTests.release.xcconfig */;
			buildSettings = {
				ALWAYS_EMBED_SWIFT_STANDARD_LIBRARIES = YES;
				BUNDLE_LOADER = "$(TEST_HOST)";
				CODE_SIGN_STYLE = Automatic;
				DEVELOPMENT_TEAM = QS42RPKQCD;
				INFOPLIST_FILE = "CA-PIN_IOSTests/Info.plist";
				IPHONEOS_DEPLOYMENT_TARGET = 14.5;
				LD_RUNPATH_SEARCH_PATHS = (
					"$(inherited)",
					"@executable_path/Frameworks",
					"@loader_path/Frameworks",
				);
				PRODUCT_BUNDLE_IDENTIFIER = "ryan.CA-PIN-IOSTests";
				PRODUCT_NAME = "$(TARGET_NAME)";
				SWIFT_VERSION = 5.0;
				TARGETED_DEVICE_FAMILY = "1,2";
				TEST_HOST = "$(BUILT_PRODUCTS_DIR)/CA-PIN_IOS.app/CA-PIN_IOS";
			};
			name = Release;
		};
		CCA85B222688ED7300C9A32C /* Debug */ = {
			isa = XCBuildConfiguration;
			baseConfigurationReference = 4C54DEA8F4DE6F401F16C8D9 /* Pods-CA-PIN_IOS-CA-PIN_IOSUITests.debug.xcconfig */;
			buildSettings = {
				ALWAYS_EMBED_SWIFT_STANDARD_LIBRARIES = YES;
				CODE_SIGN_STYLE = Automatic;
				DEVELOPMENT_TEAM = QS42RPKQCD;
				INFOPLIST_FILE = "CA-PIN_IOSUITests/Info.plist";
				LD_RUNPATH_SEARCH_PATHS = (
					"$(inherited)",
					"@executable_path/Frameworks",
					"@loader_path/Frameworks",
				);
				PRODUCT_BUNDLE_IDENTIFIER = "ryan.CA-PIN-IOSUITests";
				PRODUCT_NAME = "$(TARGET_NAME)";
				SWIFT_VERSION = 5.0;
				TARGETED_DEVICE_FAMILY = "1,2";
				TEST_TARGET_NAME = "CA-PIN_IOS";
			};
			name = Debug;
		};
		CCA85B232688ED7300C9A32C /* Release */ = {
			isa = XCBuildConfiguration;
			baseConfigurationReference = 6487D4BF3EFFAB9B4F67E2B1 /* Pods-CA-PIN_IOS-CA-PIN_IOSUITests.release.xcconfig */;
			buildSettings = {
				ALWAYS_EMBED_SWIFT_STANDARD_LIBRARIES = YES;
				CODE_SIGN_STYLE = Automatic;
				DEVELOPMENT_TEAM = QS42RPKQCD;
				INFOPLIST_FILE = "CA-PIN_IOSUITests/Info.plist";
				LD_RUNPATH_SEARCH_PATHS = (
					"$(inherited)",
					"@executable_path/Frameworks",
					"@loader_path/Frameworks",
				);
				PRODUCT_BUNDLE_IDENTIFIER = "ryan.CA-PIN-IOSUITests";
				PRODUCT_NAME = "$(TARGET_NAME)";
				SWIFT_VERSION = 5.0;
				TARGETED_DEVICE_FAMILY = "1,2";
				TEST_TARGET_NAME = "CA-PIN_IOS";
			};
			name = Release;
		};
/* End XCBuildConfiguration section */

/* Begin XCConfigurationList section */
		CCA85AEC2688ED6E00C9A32C /* Build configuration list for PBXProject "CA-PIN_IOS" */ = {
			isa = XCConfigurationList;
			buildConfigurations = (
				CCA85B192688ED7300C9A32C /* Debug */,
				CCA85B1A2688ED7300C9A32C /* Release */,
			);
			defaultConfigurationIsVisible = 0;
			defaultConfigurationName = Release;
		};
		CCA85B1B2688ED7300C9A32C /* Build configuration list for PBXNativeTarget "CA-PIN_IOS" */ = {
			isa = XCConfigurationList;
			buildConfigurations = (
				CCA85B1C2688ED7300C9A32C /* Debug */,
				CCA85B1D2688ED7300C9A32C /* Release */,
			);
			defaultConfigurationIsVisible = 0;
			defaultConfigurationName = Release;
		};
		CCA85B1E2688ED7300C9A32C /* Build configuration list for PBXNativeTarget "CA-PIN_IOSTests" */ = {
			isa = XCConfigurationList;
			buildConfigurations = (
				CCA85B1F2688ED7300C9A32C /* Debug */,
				CCA85B202688ED7300C9A32C /* Release */,
			);
			defaultConfigurationIsVisible = 0;
			defaultConfigurationName = Release;
		};
		CCA85B212688ED7300C9A32C /* Build configuration list for PBXNativeTarget "CA-PIN_IOSUITests" */ = {
			isa = XCConfigurationList;
			buildConfigurations = (
				CCA85B222688ED7300C9A32C /* Debug */,
				CCA85B232688ED7300C9A32C /* Release */,
			);
			defaultConfigurationIsVisible = 0;
			defaultConfigurationName = Release;
		};
/* End XCConfigurationList section */

/* Begin XCRemoteSwiftPackageReference section */
		CCF78425268B0774005FDF1D /* XCRemoteSwiftPackageReference "Then" */ = {
			isa = XCRemoteSwiftPackageReference;
			repositoryURL = "https://github.com/devxoul/Then";
			requirement = {
				kind = upToNextMajorVersion;
				minimumVersion = 2.7.0;
			};
		};
		CCF78428268B0781005FDF1D /* XCRemoteSwiftPackageReference "SnapKit" */ = {
			isa = XCRemoteSwiftPackageReference;
			repositoryURL = "https://github.com/SnapKit/SnapKit";
			requirement = {
				kind = upToNextMajorVersion;
				minimumVersion = 5.0.1;
			};
		};
		CCF7842B268B0797005FDF1D /* XCRemoteSwiftPackageReference "CGFloatLiteral" */ = {
			isa = XCRemoteSwiftPackageReference;
			repositoryURL = "https://github.com/devxoul/CGFloatLiteral";
			requirement = {
				kind = upToNextMajorVersion;
				minimumVersion = 0.5.0;
			};
		};
		CCF7842E268B07C0005FDF1D /* XCRemoteSwiftPackageReference "Kingfisher" */ = {
			isa = XCRemoteSwiftPackageReference;
			repositoryURL = "https://github.com/onevcat/Kingfisher";
			requirement = {
				kind = upToNextMajorVersion;
				minimumVersion = 6.3.0;
			};
		};
		CCF78431268B07DC005FDF1D /* XCRemoteSwiftPackageReference "lottie-ios" */ = {
			isa = XCRemoteSwiftPackageReference;
			repositoryURL = "https://github.com/airbnb/lottie-ios";
			requirement = {
				kind = upToNextMajorVersion;
				minimumVersion = 3.2.3;
			};
		};
		CCF78434268B082A005FDF1D /* XCRemoteSwiftPackageReference "Moya" */ = {
			isa = XCRemoteSwiftPackageReference;
			repositoryURL = "https://github.com/Moya/Moya";
			requirement = {
				kind = upToNextMajorVersion;
				minimumVersion = 14.0.1;
			};
		};
		CCF7843B268B08C2005FDF1D /* XCRemoteSwiftPackageReference "SwiftKeychainWrapper" */ = {
			isa = XCRemoteSwiftPackageReference;
			repositoryURL = "https://github.com/jrendel/SwiftKeychainWrapper";
			requirement = {
				kind = upToNextMajorVersion;
				minimumVersion = 4.0.1;
			};
		};
		CCF7843E268B08E4005FDF1D /* XCRemoteSwiftPackageReference "SwiftyColor" */ = {
			isa = XCRemoteSwiftPackageReference;
			repositoryURL = "https://github.com/devxoul/SwiftyColor";
			requirement = {
				kind = upToNextMajorVersion;
				minimumVersion = 1.2.1;
			};
		};
/* End XCRemoteSwiftPackageReference section */

/* Begin XCSwiftPackageProductDependency section */
		CCF78426268B0774005FDF1D /* Then */ = {
			isa = XCSwiftPackageProductDependency;
			package = CCF78425268B0774005FDF1D /* XCRemoteSwiftPackageReference "Then" */;
			productName = Then;
		};
		CCF78429268B0781005FDF1D /* SnapKit */ = {
			isa = XCSwiftPackageProductDependency;
			package = CCF78428268B0781005FDF1D /* XCRemoteSwiftPackageReference "SnapKit" */;
			productName = SnapKit;
		};
		CCF7842C268B0797005FDF1D /* CGFloatLiteral */ = {
			isa = XCSwiftPackageProductDependency;
			package = CCF7842B268B0797005FDF1D /* XCRemoteSwiftPackageReference "CGFloatLiteral" */;
			productName = CGFloatLiteral;
		};
		CCF7842F268B07C0005FDF1D /* Kingfisher */ = {
			isa = XCSwiftPackageProductDependency;
			package = CCF7842E268B07C0005FDF1D /* XCRemoteSwiftPackageReference "Kingfisher" */;
			productName = Kingfisher;
		};
		CCF78432268B07DC005FDF1D /* Lottie */ = {
			isa = XCSwiftPackageProductDependency;
			package = CCF78431268B07DC005FDF1D /* XCRemoteSwiftPackageReference "lottie-ios" */;
			productName = Lottie;
		};
		CCF78435268B082A005FDF1D /* Moya */ = {
			isa = XCSwiftPackageProductDependency;
			package = CCF78434268B082A005FDF1D /* XCRemoteSwiftPackageReference "Moya" */;
			productName = Moya;
		};
		CCF78437268B082A005FDF1D /* RxMoya */ = {
			isa = XCSwiftPackageProductDependency;
			package = CCF78434268B082A005FDF1D /* XCRemoteSwiftPackageReference "Moya" */;
			productName = RxMoya;
		};
		CCF78439268B082A005FDF1D /* ReactiveMoya */ = {
			isa = XCSwiftPackageProductDependency;
			package = CCF78434268B082A005FDF1D /* XCRemoteSwiftPackageReference "Moya" */;
			productName = ReactiveMoya;
		};
		CCF7843C268B08C2005FDF1D /* SwiftKeychainWrapper */ = {
			isa = XCSwiftPackageProductDependency;
			package = CCF7843B268B08C2005FDF1D /* XCRemoteSwiftPackageReference "SwiftKeychainWrapper" */;
			productName = SwiftKeychainWrapper;
		};
		CCF7843F268B08E4005FDF1D /* SwiftyColor */ = {
			isa = XCSwiftPackageProductDependency;
			package = CCF7843E268B08E4005FDF1D /* XCRemoteSwiftPackageReference "SwiftyColor" */;
			productName = SwiftyColor;
		};
/* End XCSwiftPackageProductDependency section */
	};
	rootObject = CCA85AE92688ED6E00C9A32C /* Project object */;
}
